{
  "requires": true,
  "lockfileVersion": 1,
  "dependencies": {
    "stream-chain": {
      "version": "2.1.0",
      "resolved": "https://registry.npmjs.org/stream-chain/-/stream-chain-2.1.0.tgz",
      "integrity": "sha512-PAUXdRGm0G8P0+/+JEd3O9kfmB9kwmr2nKIc5zhcsHn0KdBByD5PJ2po21iDzc+TZsOSEbU8j4JbAevJsZkLyQ=="
    },
    "stream-json": {
      "version": "1.3.1",
      "resolved": "https://registry.npmjs.org/stream-json/-/stream-json-1.3.1.tgz",
      "integrity": "sha512-xjOods6LE/M86hr3M2dpFUYobcD3pVWzmM9ZNZf+/B8va55sW4CNK1J9uGlUKM3LLvm3wleaa4mrnE9Ok6qveQ==",
      "requires": {
        "stream-chain": "^2.1.0"
      }
    }
  }
}
